
Microsoft Visual Studio Solution File, Format Version 12.00
# Visual Studio Version 16
VisualStudioVersion = 16.0.29123.88
MinimumVisualStudioVersion = 10.0.40219.1
Project("{9A19103F-16F7-4668-BE54-9A1E7A4F7556}") = "Vim.G3d", "Vim.G3d.csproj", "{90EBB2C6-1211-41F4-9D7F-AFE61390D98E}"
EndProject
Global
	GlobalSection(SolutionConfigurationPlatforms) = preSolution
		Debug|Any CPU = Debug|Any CPU
		Release|Any CPU = Release|Any CPU
	EndGlobalSection
	GlobalSection(ProjectConfigurationPlatforms) = postSolution
		{90EBB2C6-1211-41F4-9D7F-AFE61390D98E}.Debug|Any CPU.ActiveCfg = Debug|Any CPU
		{90EBB2C6-1211-41F4-9D7F-AFE61390D98E}.Debug|Any CPU.Build.0 = Debug|Any CPU
		{90EBB2C6-1211-41F4-9D7F-AFE61390D98E}.Release|Any CPU.ActiveCfg = Release|Any CPU
		{90EBB2C6-1211-41F4-9D7F-AFE61390D98E}.Release|Any CPU.Build.0 = Release|Any CPU
	EndGlobalSection
	GlobalSection(SolutionProperties) = preSolution
		HideSolutionNode = FALSE
	EndGlobalSection
	GlobalSection(ExtensibilityGlobals) = postSolution
		SolutionGuid = {BDB2B268-E779-465A-8C37-901BC46A2E11}
	EndGlobalSection
EndGlobal
